{
  "requires": true,
  "lockfileVersion": 1,
  "dependencies": {
    "react-native-img-button": {
      "version": "1.0.1",
      "resolved": "https://registry.npmjs.org/react-native-img-button/-/react-native-img-button-1.0.1.tgz",
      "integrity": "sha1-dmAzssASW8KB1y4L0N1swFRQ+hE="
    },
    "react-native-svg": {
      "version": "9.11.1",
      "resolved": "https://registry.npmjs.org/react-native-svg/-/react-native-svg-9.11.1.tgz",
      "integrity": "sha512-BmNCM81SSzhj1+N5rYiy7sxrkmybgiT8Cu8yVRB7zVoWze/i1lbCWJah+Gk0OHHwR35ZA31oVKf5jtO4G1n94Q=="
    },
    "react-native-svg-uri": {
      "version": "1.2.3",
      "resolved": "https://registry.npmjs.org/react-native-svg-uri/-/react-native-svg-uri-1.2.3.tgz",
      "integrity": "sha1-L2fzBWQGig/uaKdRhFMypRhaGqs=",
      "requires": {
        "xmldom": "^0.1.22"
      }
    },
    "xmldom": {
      "version": "0.1.27",
      "resolved": "https://registry.npmjs.org/xmldom/-/xmldom-0.1.27.tgz",
      "integrity": "sha1-1QH5ezvbQDr4757MIFcxh6rawOk="
    }
  }
}
